{
  "name": "webstorm-2024.1-rc-annotator-error",
  "version": "1.0.0",
  "lockfileVersion": 3,
  "requires": true,
  "packages": {
    "": {
      "name": "webstorm-2024.1-rc-annotator-error",
      "version": "1.0.0",
      "license": "ISC",
      "dependencies": {
        "@hono/node-server": "^1.9.1",
        "hono": "^4.2.1"
      },
      "devDependencies": {
        "typescript": "^5.4.3"
      }
    },
    "node_modules/@hono/node-server": {
      "version": "1.9.1",
      "resolved": "https://registry.npmjs.org/@hono/node-server/-/node-server-1.9.1.tgz",
      "integrity": "sha512-XBru0xbtRlTZJyAiFJLn7XDKbCVXBaRhVQAQhB9TwND2gwj8jf9SDWIj/7VxVtNAjURJf7Ofcz58DRA6DPYiWA==",
      "engines": {
        "node": ">=18.14.1"
      }
    },
    "node_modules/hono": {
      "version": "4.2.1",
      "resolved": "https://registry.npmjs.org/hono/-/hono-4.2.1.tgz",
      "integrity": "sha512-yDv/6esHiDgq5fvsALTNyNiRxktOplO6LfSMgIkGE+E5vF8axsUfcyfzzlbLYM9ZQDMuws/ZLGUGWwYnAwCcNw==",
      "engines": {
        "node": ">=16.0.0"
      }
    },
    "node_modules/typescript": {
      "version": "5.4.3",
      "resolved": "https://registry.npmjs.org/typescript/-/typescript-5.4.3.tgz",
      "integrity": "sha512-KrPd3PKaCLr78MalgiwJnA25Nm8HAmdwN3mYUYZgG/wizIo9EainNVQI9/yDavtVFRN2h3k8uf3GLHuhDMgEHg==",
      "dev": true,
      "bin": {
        "tsc": "bin/tsc",
        "tsserver": "bin/tsserver"
      },
      "engines": {
        "node": ">=14.17"
      }
    }
  }
}
